
Microsoft Visual Studio Solution File, Format Version 12.00
# Visual Studio Version 17
VisualStudioVersion = 17.13.35919.96
MinimumVisualStudioVersion = 10.0.40219.1
Project("{FAE04EC0-301F-11D3-BF4B-00C04F79EFBC}") = "Coach.API", "src\Coach.API\Coach.API.csproj", "{775D66CB-D24B-30E1-B0BF-E6953795B4AF}"
EndProject
Project("{FAE04EC0-301F-11D3-BF4B-00C04F79EFBC}") = "Coach.API.Tests", "src\Coach.API.Tests\Coach.API.Tests.csproj", "{197985F8-1F75-8876-67BB-F1165E85E5D2}"
EndProject
Global
	GlobalSection(SolutionConfigurationPlatforms) = preSolution
		Debug|Any CPU = Debug|Any CPU
		Release|Any CPU = Release|Any CPU
	EndGlobalSection
	GlobalSection(ProjectConfigurationPlatforms) = postSolution
		{775D66CB-D24B-30E1-B0BF-E6953795B4AF}.Debug|Any CPU.ActiveCfg = Debug|Any CPU
		{775D66CB-D24B-30E1-B0BF-E6953795B4AF}.Debug|Any CPU.Build.0 = Debug|Any CPU
		{775D66CB-D24B-30E1-B0BF-E6953795B4AF}.Release|Any CPU.ActiveCfg = Release|Any CPU
		{775D66CB-D24B-30E1-B0BF-E6953795B4AF}.Release|Any CPU.Build.0 = Release|Any CPU
		{197985F8-1F75-8876-67BB-F1165E85E5D2}.Debug|Any CPU.ActiveCfg = Debug|Any CPU
		{197985F8-1F75-8876-67BB-F1165E85E5D2}.Debug|Any CPU.Build.0 = Debug|Any CPU
		{197985F8-1F75-8876-67BB-F1165E85E5D2}.Release|Any CPU.ActiveCfg = Release|Any CPU
		{197985F8-1F75-8876-67BB-F1165E85E5D2}.Release|Any CPU.Build.0 = Release|Any CPU
	EndGlobalSection
	GlobalSection(SolutionProperties) = preSolution
		HideSolutionNode = FALSE
	EndGlobalSection
	GlobalSection(ExtensibilityGlobals) = postSolution
		SolutionGuid = {DCAADEFB-A319-41C5-BEAB-F2858830E11B}
	EndGlobalSection
EndGlobal
